
Microsoft Visual Studio Solution File, Format Version 12.00
Project("{FAE04EC0-301F-11D3-BF4B-00C04F79EFBC}") = "HomeWork1", "HomeWork1\HomeWork1.csproj", "{D51AA027-973E-4E15-92EB-A51696B8BEC0}"
EndProject
Global
	GlobalSection(SolutionConfigurationPlatforms) = preSolution
		Debug|Any CPU = Debug|Any CPU
		Release|Any CPU = Release|Any CPU
	EndGlobalSection
	GlobalSection(ProjectConfigurationPlatforms) = postSolution
		{D51AA027-973E-4E15-92EB-A51696B8BEC0}.Debug|Any CPU.ActiveCfg = Debug|Any CPU
		{D51AA027-973E-4E15-92EB-A51696B8BEC0}.Debug|Any CPU.Build.0 = Debug|Any CPU
		{D51AA027-973E-4E15-92EB-A51696B8BEC0}.Release|Any CPU.ActiveCfg = Release|Any CPU
		{D51AA027-973E-4E15-92EB-A51696B8BEC0}.Release|Any CPU.Build.0 = Release|Any CPU
	EndGlobalSection
EndGlobal
